
Microsoft Visual Studio Solution File, Format Version 12.00
# Visual Studio Version 17
VisualStudioVersion = 17.6.33417.168
MinimumVisualStudioVersion = 10.0.40219.1
Project("{9A19103F-16F7-4668-BE54-9A1E7A4F7556}") = "LMFS", "LMFS\LMFS.csproj", "{1E82DDFA-CF5A-438E-B0E4-7828D38BF203}"
EndProject
Project("{9A19103F-16F7-4668-BE54-9A1E7A4F7556}") = "LMFS.Server.Core", "LMFS.Core\LMFS.Server.Core.csproj", "{CC3F3881-28DA-4EF5-A678-4BB466172F24}"
EndProject
Project("{9A19103F-16F7-4668-BE54-9A1E7A4F7556}") = "LMFS.CLI", "LMFS.CLI\LMFS.CLI.csproj", "{355B4FC2-CF9B-4E15-9945-9F1BA6447D8F}"
EndProject
Project("{9A19103F-16F7-4668-BE54-9A1E7A4F7556}") = "LMFS.Data", "LMFS.Data\LMFS.Data.csproj", "{4AD60397-3ACD-4F4B-A744-883E5838B348}"
EndProject
Project("{FAE04EC0-301F-11D3-BF4B-00C04F79EFBC}") = "LMFS.Exchange.Core", "LMFS.Exchange.Core\LMFS.Exchange.Core.csproj", "{3BCF0B47-B97F-471F-9206-25702360C839}"
EndProject
Global
	GlobalSection(SolutionConfigurationPlatforms) = preSolution
		Debug|Any CPU = Debug|Any CPU
		Release|Any CPU = Release|Any CPU
	EndGlobalSection
	GlobalSection(ProjectConfigurationPlatforms) = postSolution
		{1E82DDFA-CF5A-438E-B0E4-7828D38BF203}.Debug|Any CPU.ActiveCfg = Debug|Any CPU
		{1E82DDFA-CF5A-438E-B0E4-7828D38BF203}.Debug|Any CPU.Build.0 = Debug|Any CPU
		{1E82DDFA-CF5A-438E-B0E4-7828D38BF203}.Release|Any CPU.ActiveCfg = Release|Any CPU
		{1E82DDFA-CF5A-438E-B0E4-7828D38BF203}.Release|Any CPU.Build.0 = Release|Any CPU
		{CC3F3881-28DA-4EF5-A678-4BB466172F24}.Debug|Any CPU.ActiveCfg = Debug|Any CPU
		{CC3F3881-28DA-4EF5-A678-4BB466172F24}.Debug|Any CPU.Build.0 = Debug|Any CPU
		{CC3F3881-28DA-4EF5-A678-4BB466172F24}.Release|Any CPU.ActiveCfg = Release|Any CPU
		{CC3F3881-28DA-4EF5-A678-4BB466172F24}.Release|Any CPU.Build.0 = Release|Any CPU
		{355B4FC2-CF9B-4E15-9945-9F1BA6447D8F}.Debug|Any CPU.ActiveCfg = Debug|Any CPU
		{355B4FC2-CF9B-4E15-9945-9F1BA6447D8F}.Debug|Any CPU.Build.0 = Debug|Any CPU
		{355B4FC2-CF9B-4E15-9945-9F1BA6447D8F}.Release|Any CPU.ActiveCfg = Release|Any CPU
		{355B4FC2-CF9B-4E15-9945-9F1BA6447D8F}.Release|Any CPU.Build.0 = Release|Any CPU
		{4AD60397-3ACD-4F4B-A744-883E5838B348}.Debug|Any CPU.ActiveCfg = Debug|Any CPU
		{4AD60397-3ACD-4F4B-A744-883E5838B348}.Debug|Any CPU.Build.0 = Debug|Any CPU
		{4AD60397-3ACD-4F4B-A744-883E5838B348}.Release|Any CPU.ActiveCfg = Release|Any CPU
		{4AD60397-3ACD-4F4B-A744-883E5838B348}.Release|Any CPU.Build.0 = Release|Any CPU
		{3BCF0B47-B97F-471F-9206-25702360C839}.Debug|Any CPU.ActiveCfg = Debug|Any CPU
		{3BCF0B47-B97F-471F-9206-25702360C839}.Debug|Any CPU.Build.0 = Debug|Any CPU
		{3BCF0B47-B97F-471F-9206-25702360C839}.Release|Any CPU.ActiveCfg = Release|Any CPU
		{3BCF0B47-B97F-471F-9206-25702360C839}.Release|Any CPU.Build.0 = Release|Any CPU
	EndGlobalSection
	GlobalSection(SolutionProperties) = preSolution
		HideSolutionNode = FALSE
	EndGlobalSection
	GlobalSection(ExtensibilityGlobals) = postSolution
		SolutionGuid = {C97330F3-4E2B-4278-8CE2-2B0E432E30B3}
	EndGlobalSection
EndGlobal
